// !$*UTF8*$!
{
	archiveVersion = 1;
	classes = {
	};
	objectVersion = 50;
	objects = {

/* Begin PBXBuildFile section */
		1BB1F881224DE3F30003D304 /* FunWorldTests.swift in Sources */ = {isa = PBXBuildFile; fileRef = 1BB1F880224DE3F30003D304 /* FunWorldTests.swift */; };
		1BB1F88C224DE3F30003D304 /* FunWorldUITests.swift in Sources */ = {isa = PBXBuildFile; fileRef = 1BB1F88B224DE3F30003D304 /* FunWorldUITests.swift */; };
		1BC6CE152255EEC600A5E66B /* CollectionViewViewModel.swift in Sources */ = {isa = PBXBuildFile; fileRef = 1BC6CDE62255EEC500A5E66B /* CollectionViewViewModel.swift */; };
		1BC6CE162255EEC600A5E66B /* CollectionViewCell.swift in Sources */ = {isa = PBXBuildFile; fileRef = 1BC6CDE72255EEC500A5E66B /* CollectionViewCell.swift */; };
		1BC6CE172255EEC600A5E66B /* CollectionViewSection.swift in Sources */ = {isa = PBXBuildFile; fileRef = 1BC6CDE82255EEC500A5E66B /* CollectionViewSection.swift */; };
		1BC6CE182255EEC600A5E66B /* CollectionViewCell+Reuse.swift in Sources */ = {isa = PBXBuildFile; fileRef = 1BC6CDE92255EEC500A5E66B /* CollectionViewCell+Reuse.swift */; };
		1BC6CE192255EEC600A5E66B /* Grid.swift in Sources */ = {isa = PBXBuildFile; fileRef = 1BC6CDEA2255EEC500A5E66B /* Grid.swift */; };
		1BC6CE1A2255EEC600A5E66B /* CollectionViewSource.swift in Sources */ = {isa = PBXBuildFile; fileRef = 1BC6CDEB2255EEC500A5E66B /* CollectionViewSource.swift */; };
		1BC6CE1B2255EEC600A5E66B /* CollectionViewController.swift in Sources */ = {isa = PBXBuildFile; fileRef = 1BC6CDEC2255EEC500A5E66B /* CollectionViewController.swift */; };
		1BC6CE1C2255EEC600A5E66B /* AlbumViewModel.swift in Sources */ = {isa = PBXBuildFile; fileRef = 1BC6CDEF2255EEC500A5E66B /* AlbumViewModel.swift */; };
		1BC6CE1D2255EEC600A5E66B /* SeparatorViewModel.swift in Sources */ = {isa = PBXBuildFile; fileRef = 1BC6CDF02255EEC500A5E66B /* SeparatorViewModel.swift */; };
		1BC6CE1E2255EEC600A5E66B /* HeaderViewModel.swift in Sources */ = {isa = PBXBuildFile; fileRef = 1BC6CDF12255EEC500A5E66B /* HeaderViewModel.swift */; };
		1BC6CE1F2255EEC600A5E66B /* DynamicTextViewModel.swift in Sources */ = {isa = PBXBuildFile; fileRef = 1BC6CDF22255EEC500A5E66B /* DynamicTextViewModel.swift */; };
		1BC6CE202255EEC600A5E66B /* CollectionViewModel.swift in Sources */ = {isa = PBXBuildFile; fileRef = 1BC6CDF32255EEC500A5E66B /* CollectionViewModel.swift */; };
		1BC6CE212255EEC600A5E66B /* SongViewModel.swift in Sources */ = {isa = PBXBuildFile; fileRef = 1BC6CDF42255EEC500A5E66B /* SongViewModel.swift */; };
		1BC6CE222255EEC600A5E66B /* ArtistViewModel.swift in Sources */ = {isa = PBXBuildFile; fileRef = 1BC6CDF52255EEC500A5E66B /* ArtistViewModel.swift */; };
		1BC6CE232255EEC600A5E66B /* CollectionCell.swift in Sources */ = {isa = PBXBuildFile; fileRef = 1BC6CDF72255EEC500A5E66B /* CollectionCell.swift */; };
		1BC6CE242255EEC600A5E66B /* SongCell.xib in Resources */ = {isa = PBXBuildFile; fileRef = 1BC6CDF82255EEC500A5E66B /* SongCell.xib */; };
		1BC6CE252255EEC600A5E66B /* HeaderCell.xib in Resources */ = {isa = PBXBuildFile; fileRef = 1BC6CDF92255EEC500A5E66B /* HeaderCell.xib */; };
		1BC6CE262255EEC600A5E66B /* TextCell.xib in Resources */ = {isa = PBXBuildFile; fileRef = 1BC6CDFA2255EEC500A5E66B /* TextCell.xib */; };
		1BC6CE272255EEC600A5E66B /* AlbumCell.swift in Sources */ = {isa = PBXBuildFile; fileRef = 1BC6CDFB2255EEC500A5E66B /* AlbumCell.swift */; };
		1BC6CE282255EEC600A5E66B /* AlbumCell.xib in Resources */ = {isa = PBXBuildFile; fileRef = 1BC6CDFC2255EEC500A5E66B /* AlbumCell.xib */; };
		1BC6CE292255EEC600A5E66B /* SeparatorCell.swift in Sources */ = {isa = PBXBuildFile; fileRef = 1BC6CDFD2255EEC500A5E66B /* SeparatorCell.swift */; };
		1BC6CE2A2255EEC600A5E66B /* SeparatorCell.xib in Resources */ = {isa = PBXBuildFile; fileRef = 1BC6CDFE2255EEC500A5E66B /* SeparatorCell.xib */; };
		1BC6CE2B2255EEC600A5E66B /* TextCell.swift in Sources */ = {isa = PBXBuildFile; fileRef = 1BC6CDFF2255EEC500A5E66B /* TextCell.swift */; };
		1BC6CE2C2255EEC600A5E66B /* CollectionCell.xib in Resources */ = {isa = PBXBuildFile; fileRef = 1BC6CE002255EEC500A5E66B /* CollectionCell.xib */; };
		1BC6CE2D2255EEC600A5E66B /* HeaderCell.swift in Sources */ = {isa = PBXBuildFile; fileRef = 1BC6CE012255EEC500A5E66B /* HeaderCell.swift */; };
		1BC6CE2E2255EEC600A5E66B /* ArtistCell.swift in Sources */ = {isa = PBXBuildFile; fileRef = 1BC6CE022255EEC500A5E66B /* ArtistCell.swift */; };
		1BC6CE2F2255EEC600A5E66B /* ArtistCell.xib in Resources */ = {isa = PBXBuildFile; fileRef = 1BC6CE032255EEC500A5E66B /* ArtistCell.xib */; };
		1BC6CE302255EEC600A5E66B /* SongCell.swift in Sources */ = {isa = PBXBuildFile; fileRef = 1BC6CE042255EEC500A5E66B /* SongCell.swift */; };
		1BC6CE312255EEC600A5E66B /* Song.swift in Sources */ = {isa = PBXBuildFile; fileRef = 1BC6CE062255EEC500A5E66B /* Song.swift */; };
		1BC6CE322255EEC600A5E66B /* Album.swift in Sources */ = {isa = PBXBuildFile; fileRef = 1BC6CE072255EEC500A5E66B /* Album.swift */; };
		1BC6CE332255EEC600A5E66B /* Artist.swift in Sources */ = {isa = PBXBuildFile; fileRef = 1BC6CE082255EEC500A5E66B /* Artist.swift */; };
		1BC6CE342255EEC600A5E66B /* AppDelegate.swift in Sources */ = {isa = PBXBuildFile; fileRef = 1BC6CE092255EEC500A5E66B /* AppDelegate.swift */; };
		1BC6CE352255EEC600A5E66B /* ViewController.swift in Sources */ = {isa = PBXBuildFile; fileRef = 1BC6CE0B2255EEC500A5E66B /* ViewController.swift */; };
		1BC6CE362255EEC600A5E66B /* AlbumViewController.swift in Sources */ = {isa = PBXBuildFile; fileRef = 1BC6CE0C2255EEC500A5E66B /* AlbumViewController.swift */; };
		1BC6CE372255EEC600A5E66B /* ArtistViewController.swift in Sources */ = {isa = PBXBuildFile; fileRef = 1BC6CE0D2255EEC500A5E66B /* ArtistViewController.swift */; };
		1BC6CE382255EEC600A5E66B /* Assets.xcassets in Resources */ = {isa = PBXBuildFile; fileRef = 1BC6CE0F2255EEC500A5E66B /* Assets.xcassets */; };
		1BC6CE392255EEC600A5E66B /* LaunchScreen.storyboard in Resources */ = {isa = PBXBuildFile; fileRef = 1BC6CE102255EEC500A5E66B /* LaunchScreen.storyboard */; };
		1BC6CE3A2255EEC600A5E66B /* Main.storyboard in Resources */ = {isa = PBXBuildFile; fileRef = 1BC6CE122255EEC500A5E66B /* Main.storyboard */; };
		1BC6CE3B2255EEC600A5E66B /* Info.plist in Resources */ = {isa = PBXBuildFile; fileRef = 1BC6CE142255EEC500A5E66B /* Info.plist */; };
/* End PBXBuildFile section */

/* Begin PBXContainerItemProxy section */
		1BB1F87D224DE3F30003D304 /* PBXContainerItemProxy */ = {
			isa = PBXContainerItemProxy;
			containerPortal = 1BB1F85D224DE3F20003D304 /* Project object */;
			proxyType = 1;
			remoteGlobalIDString = 1BB1F864224DE3F20003D304;
			remoteInfo = FunWorld;
		};
		1BB1F888224DE3F30003D304 /* PBXContainerItemProxy */ = {
			isa = PBXContainerItemProxy;
			containerPortal = 1BB1F85D224DE3F20003D304 /* Project object */;
			proxyType = 1;
			remoteGlobalIDString = 1BB1F864224DE3F20003D304;
			remoteInfo = FunWorld;
		};
/* End PBXContainerItemProxy section */

/* Begin PBXFileReference section */
		1BB1F865224DE3F20003D304 /* FunWorld.app */ = {isa = PBXFileReference; explicitFileType = wrapper.application; includeInIndex = 0; path = FunWorld.app; sourceTree = BUILT_PRODUCTS_DIR; };
		1BB1F87C224DE3F30003D304 /* FunWorldTests.xctest */ = {isa = PBXFileReference; explicitFileType = wrapper.cfbundle; includeInIndex = 0; path = FunWorldTests.xctest; sourceTree = BUILT_PRODUCTS_DIR; };
		1BB1F880224DE3F30003D304 /* FunWorldTests.swift */ = {isa = PBXFileReference; lastKnownFileType = sourcecode.swift; path = FunWorldTests.swift; sourceTree = "<group>"; };
		1BB1F882224DE3F30003D304 /* Info.plist */ = {isa = PBXFileReference; lastKnownFileType = text.plist.xml; path = Info.plist; sourceTree = "<group>"; };
		1BB1F887224DE3F30003D304 /* FunWorldUITests.xctest */ = {isa = PBXFileReference; explicitFileType = wrapper.cfbundle; includeInIndex = 0; path = FunWorldUITests.xctest; sourceTree = BUILT_PRODUCTS_DIR; };
		1BB1F88B224DE3F30003D304 /* FunWorldUITests.swift */ = {isa = PBXFileReference; lastKnownFileType = sourcecode.swift; path = FunWorldUITests.swift; sourceTree = "<group>"; };
		1BB1F88D224DE3F30003D304 /* Info.plist */ = {isa = PBXFileReference; lastKnownFileType = text.plist.xml; path = Info.plist; sourceTree = "<group>"; };
		1BC6CDE62255EEC500A5E66B /* CollectionViewViewModel.swift */ = {isa = PBXFileReference; fileEncoding = 4; lastKnownFileType = sourcecode.swift; path = CollectionViewViewModel.swift; sourceTree = "<group>"; };
		1BC6CDE72255EEC500A5E66B /* CollectionViewCell.swift */ = {isa = PBXFileReference; fileEncoding = 4; lastKnownFileType = sourcecode.swift; path = CollectionViewCell.swift; sourceTree = "<group>"; };
		1BC6CDE82255EEC500A5E66B /* CollectionViewSection.swift */ = {isa = PBXFileReference; fileEncoding = 4; lastKnownFileType = sourcecode.swift; path = CollectionViewSection.swift; sourceTree = "<group>"; };
		1BC6CDE92255EEC500A5E66B /* CollectionViewCell+Reuse.swift */ = {isa = PBXFileReference; fileEncoding = 4; lastKnownFileType = sourcecode.swift; path = "CollectionViewCell+Reuse.swift"; sourceTree = "<group>"; };
		1BC6CDEA2255EEC500A5E66B /* Grid.swift */ = {isa = PBXFileReference; fileEncoding = 4; lastKnownFileType = sourcecode.swift; path = Grid.swift; sourceTree = "<group>"; };
		1BC6CDEB2255EEC500A5E66B /* CollectionViewSource.swift */ = {isa = PBXFileReference; fileEncoding = 4; lastKnownFileType = sourcecode.swift; path = CollectionViewSource.swift; sourceTree = "<group>"; };
		1BC6CDEC2255EEC500A5E66B /* CollectionViewController.swift */ = {isa = PBXFileReference; fileEncoding = 4; lastKnownFileType = sourcecode.swift; path = CollectionViewController.swift; sourceTree = "<group>"; };
		1BC6CDEF2255EEC500A5E66B /* AlbumViewModel.swift */ = {isa = PBXFileReference; fileEncoding = 4; lastKnownFileType = sourcecode.swift; path = AlbumViewModel.swift; sourceTree = "<group>"; };
		1BC6CDF02255EEC500A5E66B /* SeparatorViewModel.swift */ = {isa = PBXFileReference; fileEncoding = 4; lastKnownFileType = sourcecode.swift; path = SeparatorViewModel.swift; sourceTree = "<group>"; };
		1BC6CDF12255EEC500A5E66B /* HeaderViewModel.swift */ = {isa = PBXFileReference; fileEncoding = 4; lastKnownFileType = sourcecode.swift; path = HeaderViewModel.swift; sourceTree = "<group>"; };
		1BC6CDF22255EEC500A5E66B /* DynamicTextViewModel.swift */ = {isa = PBXFileReference; fileEncoding = 4; lastKnownFileType = sourcecode.swift; path = DynamicTextViewModel.swift; sourceTree = "<group>"; };
		1BC6CDF32255EEC500A5E66B /* CollectionViewModel.swift */ = {isa = PBXFileReference; fileEncoding = 4; lastKnownFileType = sourcecode.swift; path = CollectionViewModel.swift; sourceTree = "<group>"; };
		1BC6CDF42255EEC500A5E66B /* SongViewModel.swift */ = {isa = PBXFileReference; fileEncoding = 4; lastKnownFileType = sourcecode.swift; path = SongViewModel.swift; sourceTree = "<group>"; };
		1BC6CDF52255EEC500A5E66B /* ArtistViewModel.swift */ = {isa = PBXFileReference; fileEncoding = 4; lastKnownFileType = sourcecode.swift; path = ArtistViewModel.swift; sourceTree = "<group>"; };
		1BC6CDF72255EEC500A5E66B /* CollectionCell.swift */ = {isa = PBXFileReference; fileEncoding = 4; lastKnownFileType = sourcecode.swift; path = CollectionCell.swift; sourceTree = "<group>"; };
		1BC6CDF82255EEC500A5E66B /* SongCell.xib */ = {isa = PBXFileReference; fileEncoding = 4; lastKnownFileType = file.xib; path = SongCell.xib; sourceTree = "<group>"; };
		1BC6CDF92255EEC500A5E66B /* HeaderCell.xib */ = {isa = PBXFileReference; fileEncoding = 4; lastKnownFileType = file.xib; path = HeaderCell.xib; sourceTree = "<group>"; };
		1BC6CDFA2255EEC500A5E66B /* TextCell.xib */ = {isa = PBXFileReference; fileEncoding = 4; lastKnownFileType = file.xib; path = TextCell.xib; sourceTree = "<group>"; };
		1BC6CDFB2255EEC500A5E66B /* AlbumCell.swift */ = {isa = PBXFileReference; fileEncoding = 4; lastKnownFileType = sourcecode.swift; path = AlbumCell.swift; sourceTree = "<group>"; };
		1BC6CDFC2255EEC500A5E66B /* AlbumCell.xib */ = {isa = PBXFileReference; fileEncoding = 4; lastKnownFileType = file.xib; path = AlbumCell.xib; sourceTree = "<group>"; };
		1BC6CDFD2255EEC500A5E66B /* SeparatorCell.swift */ = {isa = PBXFileReference; fileEncoding = 4; lastKnownFileType = sourcecode.swift; path = SeparatorCell.swift; sourceTree = "<group>"; };
		1BC6CDFE2255EEC500A5E66B /* SeparatorCell.xib */ = {isa = PBXFileReference; fileEncoding = 4; lastKnownFileType = file.xib; path = SeparatorCell.xib; sourceTree = "<group>"; };
		1BC6CDFF2255EEC500A5E66B /* TextCell.swift */ = {isa = PBXFileReference; fileEncoding = 4; lastKnownFileType = sourcecode.swift; path = TextCell.swift; sourceTree = "<group>"; };
		1BC6CE002255EEC500A5E66B /* CollectionCell.xib */ = {isa = PBXFileReference; fileEncoding = 4; lastKnownFileType = file.xib; path = CollectionCell.xib; sourceTree = "<group>"; };
		1BC6CE012255EEC500A5E66B /* HeaderCell.swift */ = {isa = PBXFileReference; fileEncoding = 4; lastKnownFileType = sourcecode.swift; path = HeaderCell.swift; sourceTree = "<group>"; };
		1BC6CE022255EEC500A5E66B /* ArtistCell.swift */ = {isa = PBXFileReference; fileEncoding = 4; lastKnownFileType = sourcecode.swift; path = ArtistCell.swift; sourceTree = "<group>"; };
		1BC6CE032255EEC500A5E66B /* ArtistCell.xib */ = {isa = PBXFileReference; fileEncoding = 4; lastKnownFileType = file.xib; path = ArtistCell.xib; sourceTree = "<group>"; };
		1BC6CE042255EEC500A5E66B /* SongCell.swift */ = {isa = PBXFileReference; fileEncoding = 4; lastKnownFileType = sourcecode.swift; path = SongCell.swift; sourceTree = "<group>"; };
		1BC6CE062255EEC500A5E66B /* Song.swift */ = {isa = PBXFileReference; fileEncoding = 4; lastKnownFileType = sourcecode.swift; path = Song.swift; sourceTree = "<group>"; };
		1BC6CE072255EEC500A5E66B /* Album.swift */ = {isa = PBXFileReference; fileEncoding = 4; lastKnownFileType = sourcecode.swift; path = Album.swift; sourceTree = "<group>"; };
		1BC6CE082255EEC500A5E66B /* Artist.swift */ = {isa = PBXFileReference; fileEncoding = 4; lastKnownFileType = sourcecode.swift; path = Artist.swift; sourceTree = "<group>"; };
		1BC6CE092255EEC500A5E66B /* AppDelegate.swift */ = {isa = PBXFileReference; fileEncoding = 4; lastKnownFileType = sourcecode.swift; path = AppDelegate.swift; sourceTree = "<group>"; };
		1BC6CE0B2255EEC500A5E66B /* ViewController.swift */ = {isa = PBXFileReference; fileEncoding = 4; lastKnownFileType = sourcecode.swift; path = ViewController.swift; sourceTree = "<group>"; };
		1BC6CE0C2255EEC500A5E66B /* AlbumViewController.swift */ = {isa = PBXFileReference; fileEncoding = 4; lastKnownFileType = sourcecode.swift; path = AlbumViewController.swift; sourceTree = "<group>"; };
		1BC6CE0D2255EEC500A5E66B /* ArtistViewController.swift */ = {isa = PBXFileReference; fileEncoding = 4; lastKnownFileType = sourcecode.swift; path = ArtistViewController.swift; sourceTree = "<group>"; };
		1BC6CE0F2255EEC500A5E66B /* Assets.xcassets */ = {isa = PBXFileReference; lastKnownFileType = folder.assetcatalog; path = Assets.xcassets; sourceTree = "<group>"; };
		1BC6CE112255EEC500A5E66B /* Base */ = {isa = PBXFileReference; lastKnownFileType = file.storyboard; name = Base; path = Base.lproj/LaunchScreen.storyboard; sourceTree = "<group>"; };
		1BC6CE132255EEC500A5E66B /* Base */ = {isa = PBXFileReference; lastKnownFileType = file.storyboard; name = Base; path = Base.lproj/Main.storyboard; sourceTree = "<group>"; };
		1BC6CE142255EEC500A5E66B /* Info.plist */ = {isa = PBXFileReference; fileEncoding = 4; lastKnownFileType = text.plist.xml; path = Info.plist; sourceTree = "<group>"; };
/* End PBXFileReference section */

/* Begin PBXFrameworksBuildPhase section */
		1BB1F862224DE3F20003D304 /* Frameworks */ = {
			isa = PBXFrameworksBuildPhase;
			buildActionMask = 2147483647;
			files = (
			);
			runOnlyForDeploymentPostprocessing = 0;
		};
		1BB1F879224DE3F30003D304 /* Frameworks */ = {
			isa = PBXFrameworksBuildPhase;
			buildActionMask = 2147483647;
			files = (
			);
			runOnlyForDeploymentPostprocessing = 0;
		};
		1BB1F884224DE3F30003D304 /* Frameworks */ = {
			isa = PBXFrameworksBuildPhase;
			buildActionMask = 2147483647;
			files = (
			);
			runOnlyForDeploymentPostprocessing = 0;
		};
/* End PBXFrameworksBuildPhase section */

/* Begin PBXGroup section */
		1BB1F85C224DE3F20003D304 = {
			isa = PBXGroup;
			children = (
				1BB1F867224DE3F20003D304 /* FunWorld */,
				1BB1F87F224DE3F30003D304 /* FunWorldTests */,
				1BB1F88A224DE3F30003D304 /* FunWorldUITests */,
				1BB1F866224DE3F20003D304 /* Products */,
			);
			sourceTree = "<group>";
		};
		1BB1F866224DE3F20003D304 /* Products */ = {
			isa = PBXGroup;
			children = (
				1BB1F865224DE3F20003D304 /* FunWorld.app */,
				1BB1F87C224DE3F30003D304 /* FunWorldTests.xctest */,
				1BB1F887224DE3F30003D304 /* FunWorldUITests.xctest */,
			);
			name = Products;
			sourceTree = "<group>";
		};
		1BB1F867224DE3F20003D304 /* FunWorld */ = {
			isa = PBXGroup;
			children = (
				1BC6CE0E2255EEC500A5E66B /* Assets */,
				1BC6CDE52255EEC500A5E66B /* Framework */,
				1BC6CDED2255EEC500A5E66B /* Sources */,
			);
			path = FunWorld;
			sourceTree = "<group>";
		};
		1BB1F87F224DE3F30003D304 /* FunWorldTests */ = {
			isa = PBXGroup;
			children = (
				1BB1F880224DE3F30003D304 /* FunWorldTests.swift */,
				1BB1F882224DE3F30003D304 /* Info.plist */,
			);
			path = FunWorldTests;
			sourceTree = "<group>";
		};
		1BB1F88A224DE3F30003D304 /* FunWorldUITests */ = {
			isa = PBXGroup;
			children = (
				1BB1F88B224DE3F30003D304 /* FunWorldUITests.swift */,
				1BB1F88D224DE3F30003D304 /* Info.plist */,
			);
			path = FunWorldUITests;
			sourceTree = "<group>";
		};
		1BC6CDE52255EEC500A5E66B /* Framework */ = {
			isa = PBXGroup;
			children = (
				1BC6CDE62255EEC500A5E66B /* CollectionViewViewModel.swift */,
				1BC6CDE72255EEC500A5E66B /* CollectionViewCell.swift */,
				1BC6CDE82255EEC500A5E66B /* CollectionViewSection.swift */,
				1BC6CDE92255EEC500A5E66B /* CollectionViewCell+Reuse.swift */,
				1BC6CDEA2255EEC500A5E66B /* Grid.swift */,
				1BC6CDEB2255EEC500A5E66B /* CollectionViewSource.swift */,
				1BC6CDEC2255EEC500A5E66B /* CollectionViewController.swift */,
			);
			name = Framework;
			path = ../../cvvm/CVVM/CVVM/Framework;
			sourceTree = "<group>";
		};
		1BC6CDED2255EEC500A5E66B /* Sources */ = {
			isa = PBXGroup;
			children = (
				1BC6CDEE2255EEC500A5E66B /* ViewModels */,
				1BC6CDF62255EEC500A5E66B /* Cells */,
				1BC6CE052255EEC500A5E66B /* Models */,
				1BC6CE092255EEC500A5E66B /* AppDelegate.swift */,
				1BC6CE0A2255EEC500A5E66B /* Controllers */,
			);
			name = Sources;
			path = ../../cvvm/CVVM/CVVM/Sources;
			sourceTree = "<group>";
		};
		1BC6CDEE2255EEC500A5E66B /* ViewModels */ = {
			isa = PBXGroup;
			children = (
				1BC6CDEF2255EEC500A5E66B /* AlbumViewModel.swift */,
				1BC6CDF02255EEC500A5E66B /* SeparatorViewModel.swift */,
				1BC6CDF12255EEC500A5E66B /* HeaderViewModel.swift */,
				1BC6CDF22255EEC500A5E66B /* DynamicTextViewModel.swift */,
				1BC6CDF32255EEC500A5E66B /* CollectionViewModel.swift */,
				1BC6CDF42255EEC500A5E66B /* SongViewModel.swift */,
				1BC6CDF52255EEC500A5E66B /* ArtistViewModel.swift */,
			);
			path = ViewModels;
			sourceTree = "<group>";
		};
		1BC6CDF62255EEC500A5E66B /* Cells */ = {
			isa = PBXGroup;
			children = (
				1BC6CDF72255EEC500A5E66B /* CollectionCell.swift */,
				1BC6CDF82255EEC500A5E66B /* SongCell.xib */,
				1BC6CDF92255EEC500A5E66B /* HeaderCell.xib */,
				1BC6CDFA2255EEC500A5E66B /* TextCell.xib */,
				1BC6CDFB2255EEC500A5E66B /* AlbumCell.swift */,
				1BC6CDFC2255EEC500A5E66B /* AlbumCell.xib */,
				1BC6CDFD2255EEC500A5E66B /* SeparatorCell.swift */,
				1BC6CDFE2255EEC500A5E66B /* SeparatorCell.xib */,
				1BC6CDFF2255EEC500A5E66B /* TextCell.swift */,
				1BC6CE002255EEC500A5E66B /* CollectionCell.xib */,
				1BC6CE012255EEC500A5E66B /* HeaderCell.swift */,
				1BC6CE022255EEC500A5E66B /* ArtistCell.swift */,
				1BC6CE032255EEC500A5E66B /* ArtistCell.xib */,
				1BC6CE042255EEC500A5E66B /* SongCell.swift */,
			);
			path = Cells;
			sourceTree = "<group>";
		};
		1BC6CE052255EEC500A5E66B /* Models */ = {
			isa = PBXGroup;
			children = (
				1BC6CE062255EEC500A5E66B /* Song.swift */,
				1BC6CE072255EEC500A5E66B /* Album.swift */,
				1BC6CE082255EEC500A5E66B /* Artist.swift */,
			);
			path = Models;
			sourceTree = "<group>";
		};
		1BC6CE0A2255EEC500A5E66B /* Controllers */ = {
			isa = PBXGroup;
			children = (
				1BC6CE0B2255EEC500A5E66B /* ViewController.swift */,
				1BC6CE0C2255EEC500A5E66B /* AlbumViewController.swift */,
				1BC6CE0D2255EEC500A5E66B /* ArtistViewController.swift */,
			);
			path = Controllers;
			sourceTree = "<group>";
		};
		1BC6CE0E2255EEC500A5E66B /* Assets */ = {
			isa = PBXGroup;
			children = (
				1BC6CE0F2255EEC500A5E66B /* Assets.xcassets */,
				1BC6CE102255EEC500A5E66B /* LaunchScreen.storyboard */,
				1BC6CE122255EEC500A5E66B /* Main.storyboard */,
				1BC6CE142255EEC500A5E66B /* Info.plist */,
			);
			name = Assets;
			path = ../../cvvm/CVVM/CVVM/Assets;
			sourceTree = "<group>";
		};
/* End PBXGroup section */

/* Begin PBXNativeTarget section */
		1BB1F864224DE3F20003D304 /* FunWorld */ = {
			isa = PBXNativeTarget;
			buildConfigurationList = 1BB1F890224DE3F30003D304 /* Build configuration list for PBXNativeTarget "FunWorld" */;
			buildPhases = (
				1BB1F861224DE3F20003D304 /* Sources */,
				1BB1F862224DE3F20003D304 /* Frameworks */,
				1BB1F863224DE3F20003D304 /* Resources */,
			);
			buildRules = (
			);
			dependencies = (
			);
			name = FunWorld;
			productName = FunWorld;
			productReference = 1BB1F865224DE3F20003D304 /* FunWorld.app */;
			productType = "com.apple.product-type.application";
		};
		1BB1F87B224DE3F30003D304 /* FunWorldTests */ = {
			isa = PBXNativeTarget;
			buildConfigurationList = 1BB1F893224DE3F30003D304 /* Build configuration list for PBXNativeTarget "FunWorldTests" */;
			buildPhases = (
				1BB1F878224DE3F30003D304 /* Sources */,
				1BB1F879224DE3F30003D304 /* Frameworks */,
				1BB1F87A224DE3F30003D304 /* Resources */,
			);
			buildRules = (
			);
			dependencies = (
				1BB1F87E224DE3F30003D304 /* PBXTargetDependency */,
			);
			name = FunWorldTests;
			productName = FunWorldTests;
			productReference = 1BB1F87C224DE3F30003D304 /* FunWorldTests.xctest */;
			productType = "com.apple.product-type.bundle.unit-test";
		};
		1BB1F886224DE3F30003D304 /* FunWorldUITests */ = {
			isa = PBXNativeTarget;
			buildConfigurationList = 1BB1F896224DE3F30003D304 /* Build configuration list for PBXNativeTarget "FunWorldUITests" */;
			buildPhases = (
				1BB1F883224DE3F30003D304 /* Sources */,
				1BB1F884224DE3F30003D304 /* Frameworks */,
				1BB1F885224DE3F30003D304 /* Resources */,
			);
			buildRules = (
			);
			dependencies = (
				1BB1F889224DE3F30003D304 /* PBXTargetDependency */,
			);
			name = FunWorldUITests;
			productName = FunWorldUITests;
			productReference = 1BB1F887224DE3F30003D304 /* FunWorldUITests.xctest */;
			productType = "com.apple.product-type.bundle.ui-testing";
		};
/* End PBXNativeTarget section */

/* Begin PBXProject section */
		1BB1F85D224DE3F20003D304 /* Project object */ = {
			isa = PBXProject;
			attributes = {
				LastSwiftUpdateCheck = 0930;
				LastUpgradeCheck = 0930;
				ORGANIZATIONNAME = "Prachi Thakkar";
				TargetAttributes = {
					1BB1F864224DE3F20003D304 = {
						CreatedOnToolsVersion = 9.3;
					};
					1BB1F87B224DE3F30003D304 = {
						CreatedOnToolsVersion = 9.3;
						TestTargetID = 1BB1F864224DE3F20003D304;
					};
					1BB1F886224DE3F30003D304 = {
						CreatedOnToolsVersion = 9.3;
						TestTargetID = 1BB1F864224DE3F20003D304;
					};
				};
			};
			buildConfigurationList = 1BB1F860224DE3F20003D304 /* Build configuration list for PBXProject "FunWorld" */;
			compatibilityVersion = "Xcode 9.3";
			developmentRegion = en;
			hasScannedForEncodings = 0;
			knownRegions = (
				en,
				Base,
			);
			mainGroup = 1BB1F85C224DE3F20003D304;
			productRefGroup = 1BB1F866224DE3F20003D304 /* Products */;
			projectDirPath = "";
			projectRoot = "";
			targets = (
				1BB1F864224DE3F20003D304 /* FunWorld */,
				1BB1F87B224DE3F30003D304 /* FunWorldTests */,
				1BB1F886224DE3F30003D304 /* FunWorldUITests */,
			);
		};
/* End PBXProject section */

/* Begin PBXResourcesBuildPhase section */
		1BB1F863224DE3F20003D304 /* Resources */ = {
			isa = PBXResourcesBuildPhase;
			buildActionMask = 2147483647;
			files = (
				1BC6CE2F2255EEC600A5E66B /* ArtistCell.xib in Resources */,
				1BC6CE242255EEC600A5E66B /* SongCell.xib in Resources */,
				1BC6CE2A2255EEC600A5E66B /* SeparatorCell.xib in Resources */,
				1BC6CE2C2255EEC600A5E66B /* CollectionCell.xib in Resources */,
				1BC6CE3A2255EEC600A5E66B /* Main.storyboard in Resources */,
				1BC6CE3B2255EEC600A5E66B /* Info.plist in Resources */,
				1BC6CE392255EEC600A5E66B /* LaunchScreen.storyboard in Resources */,
				1BC6CE262255EEC600A5E66B /* TextCell.xib in Resources */,
				1BC6CE252255EEC600A5E66B /* HeaderCell.xib in Resources */,
				1BC6CE382255EEC600A5E66B /* Assets.xcassets in Resources */,
				1BC6CE282255EEC600A5E66B /* AlbumCell.xib in Resources */,
			);
			runOnlyForDeploymentPostprocessing = 0;
		};
		1BB1F87A224DE3F30003D304 /* Resources */ = {
			isa = PBXResourcesBuildPhase;
			buildActionMask = 2147483647;
			files = (
			);
			runOnlyForDeploymentPostprocessing = 0;
		};
		1BB1F885224DE3F30003D304 /* Resources */ = {
			isa = PBXResourcesBuildPhase;
			buildActionMask = 2147483647;
			files = (
			);
			runOnlyForDeploymentPostprocessing = 0;
		};
/* End PBXResourcesBuildPhase section */

/* Begin PBXSourcesBuildPhase section */
		1BB1F861224DE3F20003D304 /* Sources */ = {
			isa = PBXSourcesBuildPhase;
			buildActionMask = 2147483647;
			files = (
				1BC6CE352255EEC600A5E66B /* ViewController.swift in Sources */,
				1BC6CE292255EEC600A5E66B /* SeparatorCell.swift in Sources */,
				1BC6CE1C2255EEC600A5E66B /* AlbumViewModel.swift in Sources */,
				1BC6CE2E2255EEC600A5E66B /* ArtistCell.swift in Sources */,
				1BC6CE342255EEC600A5E66B /* AppDelegate.swift in Sources */,
				1BC6CE162255EEC600A5E66B /* CollectionViewCell.swift in Sources */,
				1BC6CE332255EEC600A5E66B /* Artist.swift in Sources */,
				1BC6CE362255EEC600A5E66B /* AlbumViewController.swift in Sources */,
				1BC6CE232255EEC600A5E66B /* CollectionCell.swift in Sources */,
				1BC6CE372255EEC600A5E66B /* ArtistViewController.swift in Sources */,
				1BC6CE302255EEC600A5E66B /* SongCell.swift in Sources */,
				1BC6CE2D2255EEC600A5E66B /* HeaderCell.swift in Sources */,
				1BC6CE152255EEC600A5E66B /* CollectionViewViewModel.swift in Sources */,
				1BC6CE272255EEC600A5E66B /* AlbumCell.swift in Sources */,
				1BC6CE2B2255EEC600A5E66B /* TextCell.swift in Sources */,
				1BC6CE172255EEC600A5E66B /* CollectionViewSection.swift in Sources */,
				1BC6CE1F2255EEC600A5E66B /* DynamicTextViewModel.swift in Sources */,
				1BC6CE222255EEC600A5E66B /* ArtistViewModel.swift in Sources */,
				1BC6CE212255EEC600A5E66B /* SongViewModel.swift in Sources */,
				1BC6CE182255EEC600A5E66B /* CollectionViewCell+Reuse.swift in Sources */,
				1BC6CE192255EEC600A5E66B /* Grid.swift in Sources */,
				1BC6CE1A2255EEC600A5E66B /* CollectionViewSource.swift in Sources */,
				1BC6CE202255EEC600A5E66B /* CollectionViewModel.swift in Sources */,
				1BC6CE1E2255EEC600A5E66B /* HeaderViewModel.swift in Sources */,
				1BC6CE322255EEC600A5E66B /* Album.swift in Sources */,
				1BC6CE1B2255EEC600A5E66B /* CollectionViewController.swift in Sources */,
				1BC6CE312255EEC600A5E66B /* Song.swift in Sources */,
				1BC6CE1D2255EEC600A5E66B /* SeparatorViewModel.swift in Sources */,
			);
			runOnlyForDeploymentPostprocessing = 0;
		};
		1BB1F878224DE3F30003D304 /* Sources */ = {
			isa = PBXSourcesBuildPhase;
			buildActionMask = 2147483647;
			files = (
				1BB1F881224DE3F30003D304 /* FunWorldTests.swift in Sources */,
			);
			runOnlyForDeploymentPostprocessing = 0;
		};
		1BB1F883224DE3F30003D304 /* Sources */ = {
			isa = PBXSourcesBuildPhase;
			buildActionMask = 2147483647;
			files = (
				1BB1F88C224DE3F30003D304 /* FunWorldUITests.swift in Sources */,
			);
			runOnlyForDeploymentPostprocessing = 0;
		};
/* End PBXSourcesBuildPhase section */

/* Begin PBXTargetDependency section */
		1BB1F87E224DE3F30003D304 /* PBXTargetDependency */ = {
			isa = PBXTargetDependency;
			target = 1BB1F864224DE3F20003D304 /* FunWorld */;
			targetProxy = 1BB1F87D224DE3F30003D304 /* PBXContainerItemProxy */;
		};
		1BB1F889224DE3F30003D304 /* PBXTargetDependency */ = {
			isa = PBXTargetDependency;
			target = 1BB1F864224DE3F20003D304 /* FunWorld */;
			targetProxy = 1BB1F888224DE3F30003D304 /* PBXContainerItemProxy */;
		};
/* End PBXTargetDependency section */

/* Begin PBXVariantGroup section */
		1BC6CE102255EEC500A5E66B /* LaunchScreen.storyboard */ = {
			isa = PBXVariantGroup;
			children = (
				1BC6CE112255EEC500A5E66B /* Base */,
			);
			name = LaunchScreen.storyboard;
			sourceTree = "<group>";
		};
		1BC6CE122255EEC500A5E66B /* Main.storyboard */ = {
			isa = PBXVariantGroup;
			children = (
				1BC6CE132255EEC500A5E66B /* Base */,
			);
			name = Main.storyboard;
			sourceTree = "<group>";
		};
/* End PBXVariantGroup section */

/* Begin XCBuildConfiguration section */
		1BB1F88E224DE3F30003D304 /* Debug */ = {
			isa = XCBuildConfiguration;
			buildSettings = {
				ALWAYS_SEARCH_USER_PATHS = NO;
				CLANG_ANALYZER_NONNULL = YES;
				CLANG_ANALYZER_NUMBER_OBJECT_CONVERSION = YES_AGGRESSIVE;
				CLANG_CXX_LANGUAGE_STANDARD = "gnu++14";
				CLANG_CXX_LIBRARY = "libc++";
				CLANG_ENABLE_MODULES = YES;
				CLANG_ENABLE_OBJC_ARC = YES;
				CLANG_ENABLE_OBJC_WEAK = YES;
				CLANG_WARN_BLOCK_CAPTURE_AUTORELEASING = YES;
				CLANG_WARN_BOOL_CONVERSION = YES;
				CLANG_WARN_COMMA = YES;
				CLANG_WARN_CONSTANT_CONVERSION = YES;
				CLANG_WARN_DEPRECATED_OBJC_IMPLEMENTATIONS = YES;
				CLANG_WARN_DIRECT_OBJC_ISA_USAGE = YES_ERROR;
				CLANG_WARN_DOCUMENTATION_COMMENTS = YES;
				CLANG_WARN_EMPTY_BODY = YES;
				CLANG_WARN_ENUM_CONVERSION = YES;
				CLANG_WARN_INFINITE_RECURSION = YES;
				CLANG_WARN_INT_CONVERSION = YES;
				CLANG_WARN_NON_LITERAL_NULL_CONVERSION = YES;
				CLANG_WARN_OBJC_IMPLICIT_RETAIN_SELF = YES;
				CLANG_WARN_OBJC_LITERAL_CONVERSION = YES;
				CLANG_WARN_OBJC_ROOT_CLASS = YES_ERROR;
				CLANG_WARN_RANGE_LOOP_ANALYSIS = YES;
				CLANG_WARN_STRICT_PROTOTYPES = YES;
				CLANG_WARN_SUSPICIOUS_MOVE = YES;
				CLANG_WARN_UNGUARDED_AVAILABILITY = YES_AGGRESSIVE;
				CLANG_WARN_UNREACHABLE_CODE = YES;
				CLANG_WARN__DUPLICATE_METHOD_MATCH = YES;
				CODE_SIGN_IDENTITY = "iPhone Developer";
				COPY_PHASE_STRIP = NO;
				DEBUG_INFORMATION_FORMAT = dwarf;
				ENABLE_STRICT_OBJC_MSGSEND = YES;
				ENABLE_TESTABILITY = YES;
				GCC_C_LANGUAGE_STANDARD = gnu11;
				GCC_DYNAMIC_NO_PIC = NO;
				GCC_NO_COMMON_BLOCKS = YES;
				GCC_OPTIMIZATION_LEVEL = 0;
				GCC_PREPROCESSOR_DEFINITIONS = (
					"DEBUG=1",
					"$(inherited)",
				);
				GCC_WARN_64_TO_32_BIT_CONVERSION = YES;
				GCC_WARN_ABOUT_RETURN_TYPE = YES_ERROR;
				GCC_WARN_UNDECLARED_SELECTOR = YES;
				GCC_WARN_UNINITIALIZED_AUTOS = YES_AGGRESSIVE;
				GCC_WARN_UNUSED_FUNCTION = YES;
				GCC_WARN_UNUSED_VARIABLE = YES;
				IPHONEOS_DEPLOYMENT_TARGET = 11.3;
				MTL_ENABLE_DEBUG_INFO = YES;
				ONLY_ACTIVE_ARCH = YES;
				SDKROOT = iphoneos;
				SWIFT_ACTIVE_COMPILATION_CONDITIONS = DEBUG;
				SWIFT_OPTIMIZATION_LEVEL = "-Onone";
			};
			name = Debug;
		};
		1BB1F88F224DE3F30003D304 /* Release */ = {
			isa = XCBuildConfiguration;
			buildSettings = {
				ALWAYS_SEARCH_USER_PATHS = NO;
				CLANG_ANALYZER_NONNULL = YES;
				CLANG_ANALYZER_NUMBER_OBJECT_CONVERSION = YES_AGGRESSIVE;
				CLANG_CXX_LANGUAGE_STANDARD = "gnu++14";
				CLANG_CXX_LIBRARY = "libc++";
				CLANG_ENABLE_MODULES = YES;
				CLANG_ENABLE_OBJC_ARC = YES;
				CLANG_ENABLE_OBJC_WEAK = YES;
				CLANG_WARN_BLOCK_CAPTURE_AUTORELEASING = YES;
				CLANG_WARN_BOOL_CONVERSION = YES;
				CLANG_WARN_COMMA = YES;
				CLANG_WARN_CONSTANT_CONVERSION = YES;
				CLANG_WARN_DEPRECATED_OBJC_IMPLEMENTATIONS = YES;
				CLANG_WARN_DIRECT_OBJC_ISA_USAGE = YES_ERROR;
				CLANG_WARN_DOCUMENTATION_COMMENTS = YES;
				CLANG_WARN_EMPTY_BODY = YES;
				CLANG_WARN_ENUM_CONVERSION = YES;
				CLANG_WARN_INFINITE_RECURSION = YES;
				CLANG_WARN_INT_CONVERSION = YES;
				CLANG_WARN_NON_LITERAL_NULL_CONVERSION = YES;
				CLANG_WARN_OBJC_IMPLICIT_RETAIN_SELF = YES;
				CLANG_WARN_OBJC_LITERAL_CONVERSION = YES;
				CLANG_WARN_OBJC_ROOT_CLASS = YES_ERROR;
				CLANG_WARN_RANGE_LOOP_ANALYSIS = YES;
				CLANG_WARN_STRICT_PROTOTYPES = YES;
				CLANG_WARN_SUSPICIOUS_MOVE = YES;
				CLANG_WARN_UNGUARDED_AVAILABILITY = YES_AGGRESSIVE;
				CLANG_WARN_UNREACHABLE_CODE = YES;
				CLANG_WARN__DUPLICATE_METHOD_MATCH = YES;
				CODE_SIGN_IDENTITY = "iPhone Developer";
				COPY_PHASE_STRIP = NO;
				DEBUG_INFORMATION_FORMAT = "dwarf-with-dsym";
				ENABLE_NS_ASSERTIONS = NO;
				ENABLE_STRICT_OBJC_MSGSEND = YES;
				GCC_C_LANGUAGE_STANDARD = gnu11;
				GCC_NO_COMMON_BLOCKS = YES;
				GCC_WARN_64_TO_32_BIT_CONVERSION = YES;
				GCC_WARN_ABOUT_RETURN_TYPE = YES_ERROR;
				GCC_WARN_UNDECLARED_SELECTOR = YES;
				GCC_WARN_UNINITIALIZED_AUTOS = YES_AGGRESSIVE;
				GCC_WARN_UNUSED_FUNCTION = YES;
				GCC_WARN_UNUSED_VARIABLE = YES;
				IPHONEOS_DEPLOYMENT_TARGET = 11.3;
				MTL_ENABLE_DEBUG_INFO = NO;
				SDKROOT = iphoneos;
				SWIFT_COMPILATION_MODE = wholemodule;
				SWIFT_OPTIMIZATION_LEVEL = "-O";
				VALIDATE_PRODUCT = YES;
			};
			name = Release;
		};
		1BB1F891224DE3F30003D304 /* Debug */ = {
			isa = XCBuildConfiguration;
			buildSettings = {
				ASSETCATALOG_COMPILER_APPICON_NAME = AppIcon;
				CODE_SIGN_STYLE = Automatic;
				INFOPLIST_FILE = FunWorld/Info.plist;
				LD_RUNPATH_SEARCH_PATHS = (
					"$(inherited)",
					"@executable_path/Frameworks",
				);
				PRODUCT_BUNDLE_IDENTIFIER = com.example.FunWorld;
				PRODUCT_NAME = "$(TARGET_NAME)";
				SWIFT_VERSION = 4.0;
				TARGETED_DEVICE_FAMILY = "1,2";
			};
			name = Debug;
		};
		1BB1F892224DE3F30003D304 /* Release */ = {
			isa = XCBuildConfiguration;
			buildSettings = {
				ASSETCATALOG_COMPILER_APPICON_NAME = AppIcon;
				CODE_SIGN_STYLE = Automatic;
				INFOPLIST_FILE = FunWorld/Info.plist;
				LD_RUNPATH_SEARCH_PATHS = (
					"$(inherited)",
					"@executable_path/Frameworks",
				);
				PRODUCT_BUNDLE_IDENTIFIER = com.example.FunWorld;
				PRODUCT_NAME = "$(TARGET_NAME)";
				SWIFT_VERSION = 4.0;
				TARGETED_DEVICE_FAMILY = "1,2";
			};
			name = Release;
		};
		1BB1F894224DE3F30003D304 /* Debug */ = {
			isa = XCBuildConfiguration;
			buildSettings = {
				ALWAYS_EMBED_SWIFT_STANDARD_LIBRARIES = YES;
				BUNDLE_LOADER = "$(TEST_HOST)";
				CODE_SIGN_STYLE = Automatic;
				INFOPLIST_FILE = FunWorldTests/Info.plist;
				LD_RUNPATH_SEARCH_PATHS = (
					"$(inherited)",
					"@executable_path/Frameworks",
					"@loader_path/Frameworks",
				);
				PRODUCT_BUNDLE_IDENTIFIER = com.example.FunWorldTests;
				PRODUCT_NAME = "$(TARGET_NAME)";
				SWIFT_VERSION = 4.0;
				TARGETED_DEVICE_FAMILY = "1,2";
				TEST_HOST = "$(BUILT_PRODUCTS_DIR)/FunWorld.app/FunWorld";
			};
			name = Debug;
		};
		1BB1F895224DE3F30003D304 /* Release */ = {
			isa = XCBuildConfiguration;
			buildSettings = {
				ALWAYS_EMBED_SWIFT_STANDARD_LIBRARIES = YES;
				BUNDLE_LOADER = "$(TEST_HOST)";
				CODE_SIGN_STYLE = Automatic;
				INFOPLIST_FILE = FunWorldTests/Info.plist;
				LD_RUNPATH_SEARCH_PATHS = (
					"$(inherited)",
					"@executable_path/Frameworks",
					"@loader_path/Frameworks",
				);
				PRODUCT_BUNDLE_IDENTIFIER = com.example.FunWorldTests;
				PRODUCT_NAME = "$(TARGET_NAME)";
				SWIFT_VERSION = 4.0;
				TARGETED_DEVICE_FAMILY = "1,2";
				TEST_HOST = "$(BUILT_PRODUCTS_DIR)/FunWorld.app/FunWorld";
			};
			name = Release;
		};
		1BB1F897224DE3F30003D304 /* Debug */ = {
			isa = XCBuildConfiguration;
			buildSettings = {
				ALWAYS_EMBED_SWIFT_STANDARD_LIBRARIES = YES;
				CODE_SIGN_STYLE = Automatic;
				INFOPLIST_FILE = FunWorldUITests/Info.plist;
				LD_RUNPATH_SEARCH_PATHS = (
					"$(inherited)",
					"@executable_path/Frameworks",
					"@loader_path/Frameworks",
				);
				PRODUCT_BUNDLE_IDENTIFIER = com.example.FunWorldUITests;
				PRODUCT_NAME = "$(TARGET_NAME)";
				SWIFT_VERSION = 4.0;
				TARGETED_DEVICE_FAMILY = "1,2";
				TEST_TARGET_NAME = FunWorld;
			};
			name = Debug;
		};
		1BB1F898224DE3F30003D304 /* Release */ = {
			isa = XCBuildConfiguration;
			buildSettings = {
				ALWAYS_EMBED_SWIFT_STANDARD_LIBRARIES = YES;
				CODE_SIGN_STYLE = Automatic;
				INFOPLIST_FILE = FunWorldUITests/Info.plist;
				LD_RUNPATH_SEARCH_PATHS = (
					"$(inherited)",
					"@executable_path/Frameworks",
					"@loader_path/Frameworks",
				);
				PRODUCT_BUNDLE_IDENTIFIER = com.example.FunWorldUITests;
				PRODUCT_NAME = "$(TARGET_NAME)";
				SWIFT_VERSION = 4.0;
				TARGETED_DEVICE_FAMILY = "1,2";
				TEST_TARGET_NAME = FunWorld;
			};
			name = Release;
		};
/* End XCBuildConfiguration section */

/* Begin XCConfigurationList section */
		1BB1F860224DE3F20003D304 /* Build configuration list for PBXProject "FunWorld" */ = {
			isa = XCConfigurationList;
			buildConfigurations = (
				1BB1F88E224DE3F30003D304 /* Debug */,
				1BB1F88F224DE3F30003D304 /* Release */,
			);
			defaultConfigurationIsVisible = 0;
			defaultConfigurationName = Release;
		};
		1BB1F890224DE3F30003D304 /* Build configuration list for PBXNativeTarget "FunWorld" */ = {
			isa = XCConfigurationList;
			buildConfigurations = (
				1BB1F891224DE3F30003D304 /* Debug */,
				1BB1F892224DE3F30003D304 /* Release */,
			);
			defaultConfigurationIsVisible = 0;
			defaultConfigurationName = Release;
		};
		1BB1F893224DE3F30003D304 /* Build configuration list for PBXNativeTarget "FunWorldTests" */ = {
			isa = XCConfigurationList;
			buildConfigurations = (
				1BB1F894224DE3F30003D304 /* Debug */,
				1BB1F895224DE3F30003D304 /* Release */,
			);
			defaultConfigurationIsVisible = 0;
			defaultConfigurationName = Release;
		};
		1BB1F896224DE3F30003D304 /* Build configuration list for PBXNativeTarget "FunWorldUITests" */ = {
			isa = XCConfigurationList;
			buildConfigurations = (
				1BB1F897224DE3F30003D304 /* Debug */,
				1BB1F898224DE3F30003D304 /* Release */,
			);
			defaultConfigurationIsVisible = 0;
			defaultConfigurationName = Release;
		};
/* End XCConfigurationList section */
	};
	rootObject = 1BB1F85D224DE3F20003D304 /* Project object */;
}
